
Microsoft Visual Studio Solution File, Format Version 12.00
Project("{FAE04EC0-301F-11D3-BF4B-00C04F79EFBC}") = "API", "API.csproj", "{A42ED8A0-A652-424B-A6AC-B35D2B0992B0}"
EndProject
Project("{FAE04EC0-301F-11D3-BF4B-00C04F79EFBC}") = "Domain", "Domain\Domain.csproj", "{09314C1B-EBD6-416D-99B0-82B04A3CC15D}"
EndProject
Project("{FAE04EC0-301F-11D3-BF4B-00C04F79EFBC}") = "Application", "Application\Application.csproj", "{8699954C-400F-4991-B324-94C564633E00}"
EndProject
Project("{FAE04EC0-301F-11D3-BF4B-00C04F79EFBC}") = "Persistence", "Persistence\Persistence.csproj", "{F02E9E95-EFF2-41C2-80A4-2F88575C67D5}"
EndProject
Global
	GlobalSection(SolutionConfigurationPlatforms) = preSolution
		Debug|Any CPU = Debug|Any CPU
		Release|Any CPU = Release|Any CPU
	EndGlobalSection
	GlobalSection(ProjectConfigurationPlatforms) = postSolution
		{A42ED8A0-A652-424B-A6AC-B35D2B0992B0}.Debug|Any CPU.ActiveCfg = Debug|Any CPU
		{A42ED8A0-A652-424B-A6AC-B35D2B0992B0}.Debug|Any CPU.Build.0 = Debug|Any CPU
		{A42ED8A0-A652-424B-A6AC-B35D2B0992B0}.Release|Any CPU.ActiveCfg = Release|Any CPU
		{A42ED8A0-A652-424B-A6AC-B35D2B0992B0}.Release|Any CPU.Build.0 = Release|Any CPU
		{09314C1B-EBD6-416D-99B0-82B04A3CC15D}.Debug|Any CPU.ActiveCfg = Debug|Any CPU
		{09314C1B-EBD6-416D-99B0-82B04A3CC15D}.Debug|Any CPU.Build.0 = Debug|Any CPU
		{09314C1B-EBD6-416D-99B0-82B04A3CC15D}.Release|Any CPU.ActiveCfg = Release|Any CPU
		{09314C1B-EBD6-416D-99B0-82B04A3CC15D}.Release|Any CPU.Build.0 = Release|Any CPU
		{8699954C-400F-4991-B324-94C564633E00}.Debug|Any CPU.ActiveCfg = Debug|Any CPU
		{8699954C-400F-4991-B324-94C564633E00}.Debug|Any CPU.Build.0 = Debug|Any CPU
		{8699954C-400F-4991-B324-94C564633E00}.Release|Any CPU.ActiveCfg = Release|Any CPU
		{8699954C-400F-4991-B324-94C564633E00}.Release|Any CPU.Build.0 = Release|Any CPU
		{F02E9E95-EFF2-41C2-80A4-2F88575C67D5}.Debug|Any CPU.ActiveCfg = Debug|Any CPU
		{F02E9E95-EFF2-41C2-80A4-2F88575C67D5}.Debug|Any CPU.Build.0 = Debug|Any CPU
		{F02E9E95-EFF2-41C2-80A4-2F88575C67D5}.Release|Any CPU.ActiveCfg = Release|Any CPU
		{F02E9E95-EFF2-41C2-80A4-2F88575C67D5}.Release|Any CPU.Build.0 = Release|Any CPU
	EndGlobalSection
EndGlobal
